
Microsoft Visual Studio Solution File, Format Version 12.00
# Visual Studio Version 16
VisualStudioVersion = 16.0.31005.135
MinimumVisualStudioVersion = 10.0.40219.1
Project("{FAE04EC0-301F-11D3-BF4B-00C04F79EFBC}") = "Hotel_v1", "Hotel_v1\Hotel_v1.csproj", "{F831BDE9-280B-42F2-96F7-0EF7D9FF2CFF}"
EndProject
Global
	GlobalSection(SolutionConfigurationPlatforms) = preSolution
		Debug|Any CPU = Debug|Any CPU
		Release|Any CPU = Release|Any CPU
	EndGlobalSection
	GlobalSection(ProjectConfigurationPlatforms) = postSolution
		{F831BDE9-280B-42F2-96F7-0EF7D9FF2CFF}.Debug|Any CPU.ActiveCfg = Debug|Any CPU
		{F831BDE9-280B-42F2-96F7-0EF7D9FF2CFF}.Debug|Any CPU.Build.0 = Debug|Any CPU
		{F831BDE9-280B-42F2-96F7-0EF7D9FF2CFF}.Release|Any CPU.ActiveCfg = Release|Any CPU
		{F831BDE9-280B-42F2-96F7-0EF7D9FF2CFF}.Release|Any CPU.Build.0 = Release|Any CPU
	EndGlobalSection
	GlobalSection(SolutionProperties) = preSolution
		HideSolutionNode = FALSE
	EndGlobalSection
	GlobalSection(ExtensibilityGlobals) = postSolution
		SolutionGuid = {5C251BC2-E94B-48DF-9BEE-B210BA691C04}
	EndGlobalSection
EndGlobal
